
Microsoft Visual Studio Solution File, Format Version 12.00
# Visual Studio Version 17
VisualStudioVersion = 17.4.33103.184
MinimumVisualStudioVersion = 10.0.40219.1
Project("{FAE04EC0-301F-11D3-BF4B-00C04F79EFBC}") = "DeliveryWebApi", "DeliveryWebApi\DeliveryWebApi.csproj", "{7E7678C4-22BD-4A5D-8075-44B6ABDB67DC}"
EndProject
Global
	GlobalSection(SolutionConfigurationPlatforms) = preSolution
		Debug|Any CPU = Debug|Any CPU
		Release|Any CPU = Release|Any CPU
	EndGlobalSection
	GlobalSection(ProjectConfigurationPlatforms) = postSolution
		{7E7678C4-22BD-4A5D-8075-44B6ABDB67DC}.Debug|Any CPU.ActiveCfg = Debug|Any CPU
		{7E7678C4-22BD-4A5D-8075-44B6ABDB67DC}.Debug|Any CPU.Build.0 = Debug|Any CPU
		{7E7678C4-22BD-4A5D-8075-44B6ABDB67DC}.Release|Any CPU.ActiveCfg = Release|Any CPU
		{7E7678C4-22BD-4A5D-8075-44B6ABDB67DC}.Release|Any CPU.Build.0 = Release|Any CPU
	EndGlobalSection
	GlobalSection(SolutionProperties) = preSolution
		HideSolutionNode = FALSE
	EndGlobalSection
	GlobalSection(ExtensibilityGlobals) = postSolution
		SolutionGuid = {3CC4206B-CD28-4AA4-BE66-662792F7209B}
	EndGlobalSection
EndGlobal
